
Microsoft Visual Studio Solution File, Format Version 12.00
# Visual Studio 15
VisualStudioVersion = 15.0.26124.0
MinimumVisualStudioVersion = 15.0.26124.0
Project("{FAE04EC0-301F-11D3-BF4B-00C04F79EFBC}") = "contaCorrente", "contaCorrente\contaCorrente.csproj", "{52AB69E5-0428-410C-B5B4-4AEA84646ED6}"
EndProject
Project("{FAE04EC0-301F-11D3-BF4B-00C04F79EFBC}") = "contaCorrente.UnitTeste", "contaCorrente.UnitTeste\contaCorrente.UnitTeste.csproj", "{D04B5EF1-2D1F-4259-B85A-1E1C0BE7C103}"
EndProject
Global
	GlobalSection(SolutionConfigurationPlatforms) = preSolution
		Debug|Any CPU = Debug|Any CPU
		Debug|x64 = Debug|x64
		Debug|x86 = Debug|x86
		Release|Any CPU = Release|Any CPU
		Release|x64 = Release|x64
		Release|x86 = Release|x86
	EndGlobalSection
	GlobalSection(SolutionProperties) = preSolution
		HideSolutionNode = FALSE
	EndGlobalSection
	GlobalSection(ProjectConfigurationPlatforms) = postSolution
		{52AB69E5-0428-410C-B5B4-4AEA84646ED6}.Debug|Any CPU.ActiveCfg = Debug|Any CPU
		{52AB69E5-0428-410C-B5B4-4AEA84646ED6}.Debug|Any CPU.Build.0 = Debug|Any CPU
		{52AB69E5-0428-410C-B5B4-4AEA84646ED6}.Debug|x64.ActiveCfg = Debug|Any CPU
		{52AB69E5-0428-410C-B5B4-4AEA84646ED6}.Debug|x64.Build.0 = Debug|Any CPU
		{52AB69E5-0428-410C-B5B4-4AEA84646ED6}.Debug|x86.ActiveCfg = Debug|Any CPU
		{52AB69E5-0428-410C-B5B4-4AEA84646ED6}.Debug|x86.Build.0 = Debug|Any CPU
		{52AB69E5-0428-410C-B5B4-4AEA84646ED6}.Release|Any CPU.ActiveCfg = Release|Any CPU
		{52AB69E5-0428-410C-B5B4-4AEA84646ED6}.Release|Any CPU.Build.0 = Release|Any CPU
		{52AB69E5-0428-410C-B5B4-4AEA84646ED6}.Release|x64.ActiveCfg = Release|Any CPU
		{52AB69E5-0428-410C-B5B4-4AEA84646ED6}.Release|x64.Build.0 = Release|Any CPU
		{52AB69E5-0428-410C-B5B4-4AEA84646ED6}.Release|x86.ActiveCfg = Release|Any CPU
		{52AB69E5-0428-410C-B5B4-4AEA84646ED6}.Release|x86.Build.0 = Release|Any CPU
		{D04B5EF1-2D1F-4259-B85A-1E1C0BE7C103}.Debug|Any CPU.ActiveCfg = Debug|Any CPU
		{D04B5EF1-2D1F-4259-B85A-1E1C0BE7C103}.Debug|Any CPU.Build.0 = Debug|Any CPU
		{D04B5EF1-2D1F-4259-B85A-1E1C0BE7C103}.Debug|x64.ActiveCfg = Debug|Any CPU
		{D04B5EF1-2D1F-4259-B85A-1E1C0BE7C103}.Debug|x64.Build.0 = Debug|Any CPU
		{D04B5EF1-2D1F-4259-B85A-1E1C0BE7C103}.Debug|x86.ActiveCfg = Debug|Any CPU
		{D04B5EF1-2D1F-4259-B85A-1E1C0BE7C103}.Debug|x86.Build.0 = Debug|Any CPU
		{D04B5EF1-2D1F-4259-B85A-1E1C0BE7C103}.Release|Any CPU.ActiveCfg = Release|Any CPU
		{D04B5EF1-2D1F-4259-B85A-1E1C0BE7C103}.Release|Any CPU.Build.0 = Release|Any CPU
		{D04B5EF1-2D1F-4259-B85A-1E1C0BE7C103}.Release|x64.ActiveCfg = Release|Any CPU
		{D04B5EF1-2D1F-4259-B85A-1E1C0BE7C103}.Release|x64.Build.0 = Release|Any CPU
		{D04B5EF1-2D1F-4259-B85A-1E1C0BE7C103}.Release|x86.ActiveCfg = Release|Any CPU
		{D04B5EF1-2D1F-4259-B85A-1E1C0BE7C103}.Release|x86.Build.0 = Release|Any CPU
	EndGlobalSection
EndGlobal
